
Microsoft Visual Studio Solution File, Format Version 12.00
# Visual Studio Version 16
VisualStudioVersion = 16.0.30114.105
MinimumVisualStudioVersion = 10.0.40219.1
Project("{FAE04EC0-301F-11D3-BF4B-00C04F79EFBC}") = "VanFinder.API", "VanFinder.API\VanFinder.API.csproj", "{FC36177F-4A99-43EF-BC10-672C37FE3B4A}"
EndProject
Project("{FAE04EC0-301F-11D3-BF4B-00C04F79EFBC}") = "VanFinder.Application", "VanFinder.Application\VanFinder.Application.csproj", "{DF6C1B89-F49C-495D-A614-F65DDBED52E7}"
EndProject
Project("{FAE04EC0-301F-11D3-BF4B-00C04F79EFBC}") = "VanFinder.Data", "VanFinder.Data\VanFinder.Data.csproj", "{4B3CB434-46A5-4CE4-8D9B-2CA1F273F31B}"
EndProject
Project("{FAE04EC0-301F-11D3-BF4B-00C04F79EFBC}") = "VanFinder.Domain", "VanFinder.Domain\VanFinder.Domain.csproj", "{77BC59C3-6789-4C01-A4BA-EF3517A6F2E0}"
EndProject
Global
	GlobalSection(SolutionConfigurationPlatforms) = preSolution
		Debug|Any CPU = Debug|Any CPU
		Debug|x64 = Debug|x64
		Debug|x86 = Debug|x86
		Release|Any CPU = Release|Any CPU
		Release|x64 = Release|x64
		Release|x86 = Release|x86
	EndGlobalSection
	GlobalSection(ProjectConfigurationPlatforms) = postSolution
		{FC36177F-4A99-43EF-BC10-672C37FE3B4A}.Debug|Any CPU.ActiveCfg = Debug|Any CPU
		{FC36177F-4A99-43EF-BC10-672C37FE3B4A}.Debug|Any CPU.Build.0 = Debug|Any CPU
		{FC36177F-4A99-43EF-BC10-672C37FE3B4A}.Debug|x64.ActiveCfg = Debug|Any CPU
		{FC36177F-4A99-43EF-BC10-672C37FE3B4A}.Debug|x64.Build.0 = Debug|Any CPU
		{FC36177F-4A99-43EF-BC10-672C37FE3B4A}.Debug|x86.ActiveCfg = Debug|Any CPU
		{FC36177F-4A99-43EF-BC10-672C37FE3B4A}.Debug|x86.Build.0 = Debug|Any CPU
		{FC36177F-4A99-43EF-BC10-672C37FE3B4A}.Release|Any CPU.ActiveCfg = Release|Any CPU
		{FC36177F-4A99-43EF-BC10-672C37FE3B4A}.Release|Any CPU.Build.0 = Release|Any CPU
		{FC36177F-4A99-43EF-BC10-672C37FE3B4A}.Release|x64.ActiveCfg = Release|Any CPU
		{FC36177F-4A99-43EF-BC10-672C37FE3B4A}.Release|x64.Build.0 = Release|Any CPU
		{FC36177F-4A99-43EF-BC10-672C37FE3B4A}.Release|x86.ActiveCfg = Release|Any CPU
		{FC36177F-4A99-43EF-BC10-672C37FE3B4A}.Release|x86.Build.0 = Release|Any CPU
		{DF6C1B89-F49C-495D-A614-F65DDBED52E7}.Debug|Any CPU.ActiveCfg = Debug|Any CPU
		{DF6C1B89-F49C-495D-A614-F65DDBED52E7}.Debug|Any CPU.Build.0 = Debug|Any CPU
		{DF6C1B89-F49C-495D-A614-F65DDBED52E7}.Debug|x64.ActiveCfg = Debug|Any CPU
		{DF6C1B89-F49C-495D-A614-F65DDBED52E7}.Debug|x64.Build.0 = Debug|Any CPU
		{DF6C1B89-F49C-495D-A614-F65DDBED52E7}.Debug|x86.ActiveCfg = Debug|Any CPU
		{DF6C1B89-F49C-495D-A614-F65DDBED52E7}.Debug|x86.Build.0 = Debug|Any CPU
		{DF6C1B89-F49C-495D-A614-F65DDBED52E7}.Release|Any CPU.ActiveCfg = Release|Any CPU
		{DF6C1B89-F49C-495D-A614-F65DDBED52E7}.Release|Any CPU.Build.0 = Release|Any CPU
		{DF6C1B89-F49C-495D-A614-F65DDBED52E7}.Release|x64.ActiveCfg = Release|Any CPU
		{DF6C1B89-F49C-495D-A614-F65DDBED52E7}.Release|x64.Build.0 = Release|Any CPU
		{DF6C1B89-F49C-495D-A614-F65DDBED52E7}.Release|x86.ActiveCfg = Release|Any CPU
		{DF6C1B89-F49C-495D-A614-F65DDBED52E7}.Release|x86.Build.0 = Release|Any CPU
		{4B3CB434-46A5-4CE4-8D9B-2CA1F273F31B}.Debug|Any CPU.ActiveCfg = Debug|Any CPU
		{4B3CB434-46A5-4CE4-8D9B-2CA1F273F31B}.Debug|Any CPU.Build.0 = Debug|Any CPU
		{4B3CB434-46A5-4CE4-8D9B-2CA1F273F31B}.Debug|x64.ActiveCfg = Debug|Any CPU
		{4B3CB434-46A5-4CE4-8D9B-2CA1F273F31B}.Debug|x64.Build.0 = Debug|Any CPU
		{4B3CB434-46A5-4CE4-8D9B-2CA1F273F31B}.Debug|x86.ActiveCfg = Debug|Any CPU
		{4B3CB434-46A5-4CE4-8D9B-2CA1F273F31B}.Debug|x86.Build.0 = Debug|Any CPU
		{4B3CB434-46A5-4CE4-8D9B-2CA1F273F31B}.Release|Any CPU.ActiveCfg = Release|Any CPU
		{4B3CB434-46A5-4CE4-8D9B-2CA1F273F31B}.Release|Any CPU.Build.0 = Release|Any CPU
		{4B3CB434-46A5-4CE4-8D9B-2CA1F273F31B}.Release|x64.ActiveCfg = Release|Any CPU
		{4B3CB434-46A5-4CE4-8D9B-2CA1F273F31B}.Release|x64.Build.0 = Release|Any CPU
		{4B3CB434-46A5-4CE4-8D9B-2CA1F273F31B}.Release|x86.ActiveCfg = Release|Any CPU
		{4B3CB434-46A5-4CE4-8D9B-2CA1F273F31B}.Release|x86.Build.0 = Release|Any CPU
		{77BC59C3-6789-4C01-A4BA-EF3517A6F2E0}.Debug|Any CPU.ActiveCfg = Debug|Any CPU
		{77BC59C3-6789-4C01-A4BA-EF3517A6F2E0}.Debug|Any CPU.Build.0 = Debug|Any CPU
		{77BC59C3-6789-4C01-A4BA-EF3517A6F2E0}.Debug|x64.ActiveCfg = Debug|Any CPU
		{77BC59C3-6789-4C01-A4BA-EF3517A6F2E0}.Debug|x64.Build.0 = Debug|Any CPU
		{77BC59C3-6789-4C01-A4BA-EF3517A6F2E0}.Debug|x86.ActiveCfg = Debug|Any CPU
		{77BC59C3-6789-4C01-A4BA-EF3517A6F2E0}.Debug|x86.Build.0 = Debug|Any CPU
		{77BC59C3-6789-4C01-A4BA-EF3517A6F2E0}.Release|Any CPU.ActiveCfg = Release|Any CPU
		{77BC59C3-6789-4C01-A4BA-EF3517A6F2E0}.Release|Any CPU.Build.0 = Release|Any CPU
		{77BC59C3-6789-4C01-A4BA-EF3517A6F2E0}.Release|x64.ActiveCfg = Release|Any CPU
		{77BC59C3-6789-4C01-A4BA-EF3517A6F2E0}.Release|x64.Build.0 = Release|Any CPU
		{77BC59C3-6789-4C01-A4BA-EF3517A6F2E0}.Release|x86.ActiveCfg = Release|Any CPU
		{77BC59C3-6789-4C01-A4BA-EF3517A6F2E0}.Release|x86.Build.0 = Release|Any CPU
		{AA3D215F-F0AE-41A3-9B38-4A6265CAC7E0}.Debug|Any CPU.ActiveCfg = Debug|Any CPU
		{AA3D215F-F0AE-41A3-9B38-4A6265CAC7E0}.Debug|Any CPU.Build.0 = Debug|Any CPU
		{AA3D215F-F0AE-41A3-9B38-4A6265CAC7E0}.Debug|x64.ActiveCfg = Debug|Any CPU
		{AA3D215F-F0AE-41A3-9B38-4A6265CAC7E0}.Debug|x64.Build.0 = Debug|Any CPU
		{AA3D215F-F0AE-41A3-9B38-4A6265CAC7E0}.Debug|x86.ActiveCfg = Debug|Any CPU
		{AA3D215F-F0AE-41A3-9B38-4A6265CAC7E0}.Debug|x86.Build.0 = Debug|Any CPU
		{AA3D215F-F0AE-41A3-9B38-4A6265CAC7E0}.Release|Any CPU.ActiveCfg = Release|Any CPU
		{AA3D215F-F0AE-41A3-9B38-4A6265CAC7E0}.Release|Any CPU.Build.0 = Release|Any CPU
		{AA3D215F-F0AE-41A3-9B38-4A6265CAC7E0}.Release|x64.ActiveCfg = Release|Any CPU
		{AA3D215F-F0AE-41A3-9B38-4A6265CAC7E0}.Release|x64.Build.0 = Release|Any CPU
		{AA3D215F-F0AE-41A3-9B38-4A6265CAC7E0}.Release|x86.ActiveCfg = Release|Any CPU
		{AA3D215F-F0AE-41A3-9B38-4A6265CAC7E0}.Release|x86.Build.0 = Release|Any CPU
	EndGlobalSection
	GlobalSection(SolutionProperties) = preSolution
		HideSolutionNode = FALSE
	EndGlobalSection
EndGlobal
